{
  "name": "ssb-avatar",
  "version": "0.2.0",
  "lockfileVersion": 1,
  "requires": true,
  "dependencies": {
    "ip": {
      "version": "1.1.5",
      "resolved": "https://registry.npmjs.org/ip/-/ip-1.1.5.tgz",
      "integrity": "sha1-vd7XARQpCCjAoDnnLvJfWq7ENUo="
    },
    "is-valid-domain": {
      "version": "0.0.5",
      "resolved": "https://registry.npmjs.org/is-valid-domain/-/is-valid-domain-0.0.5.tgz",
      "integrity": "sha1-SOcDGfy0MAkjbpazf5hDiJzntRM="
    },
    "pull-cat": {
      "version": "1.1.11",
      "resolved": "https://registry.npmjs.org/pull-cat/-/pull-cat-1.1.11.tgz",
      "integrity": "sha1-tkLdElXaN2pwa220+pYvX9t0wxs="
    },
    "pull-stream": {
      "version": "3.6.8",
      "resolved": "https://registry.npmjs.org/pull-stream/-/pull-stream-3.6.8.tgz",
      "integrity": "sha512-wQUIptQBcM0rFsUhZoEpOT3vUn73DtTGVq3NQ86c4T7iMOSprDzeKWYq2ksXnbwiuExTKvt+8G9fzNLFQuiO+A=="
    },
    "ssb-msgs": {
      "version": "5.2.0",
      "resolved": "https://registry.npmjs.org/ssb-msgs/-/ssb-msgs-5.2.0.tgz",
      "integrity": "sha1-xoHaXNcMV0ySLcpPA8UhU4E1wkM=",
      "requires": {
        "ssb-ref": "^2.0.0"
      }
    },
    "ssb-ref": {
      "version": "2.11.1",
      "resolved": "https://registry.npmjs.org/ssb-ref/-/ssb-ref-2.11.1.tgz",
      "integrity": "sha512-K3L9hJ1v0HrH8abtEKiBkdeabHVaws+CS81mZqUfhR84i0dlYhiIIDwqeLxUj/1mLcsZPF3gMKPsFCUr7UAdMA==",
      "requires": {
        "ip": "^1.1.3",
        "is-valid-domain": "~0.0.1"
      }
    }
  }
}
